
Microsoft Visual Studio Solution File, Format Version 12.00
# Visual Studio Version 17
VisualStudioVersion = 17.12.35707.178
MinimumVisualStudioVersion = 10.0.40219.1
Project("{FAE04EC0-301F-11D3-BF4B-00C04F79EFBC}") = "ConsoleAppBuenasPracticas1", "ConsoleAppBuenasPracticas1.csproj", "{118DBE71-9F65-412B-94A0-E39538F661E7}"
EndProject
Project("{FAE04EC0-301F-11D3-BF4B-00C04F79EFBC}") = "MejoresPracticasShareDLL", "..\MejoresPracticasShareDLL\MejoresPracticasShareDLL.csproj", "{6F3D62C9-8D1A-4829-AF40-31AB5C3D0B67}"
EndProject
Global
	GlobalSection(SolutionConfigurationPlatforms) = preSolution
		Debug|Any CPU = Debug|Any CPU
		Release|Any CPU = Release|Any CPU
	EndGlobalSection
	GlobalSection(ProjectConfigurationPlatforms) = postSolution
		{118DBE71-9F65-412B-94A0-E39538F661E7}.Debug|Any CPU.ActiveCfg = Debug|Any CPU
		{118DBE71-9F65-412B-94A0-E39538F661E7}.Debug|Any CPU.Build.0 = Debug|Any CPU
		{118DBE71-9F65-412B-94A0-E39538F661E7}.Release|Any CPU.ActiveCfg = Release|Any CPU
		{118DBE71-9F65-412B-94A0-E39538F661E7}.Release|Any CPU.Build.0 = Release|Any CPU
		{6F3D62C9-8D1A-4829-AF40-31AB5C3D0B67}.Debug|Any CPU.ActiveCfg = Debug|Any CPU
		{6F3D62C9-8D1A-4829-AF40-31AB5C3D0B67}.Debug|Any CPU.Build.0 = Debug|Any CPU
		{6F3D62C9-8D1A-4829-AF40-31AB5C3D0B67}.Release|Any CPU.ActiveCfg = Release|Any CPU
		{6F3D62C9-8D1A-4829-AF40-31AB5C3D0B67}.Release|Any CPU.Build.0 = Release|Any CPU
	EndGlobalSection
	GlobalSection(SolutionProperties) = preSolution
		HideSolutionNode = FALSE
	EndGlobalSection
EndGlobal
